
Microsoft Visual Studio Solution File, Format Version 12.00
# Visual Studio Version 17
VisualStudioVersion = 17.7.34302.85
MinimumVisualStudioVersion = 10.0.40219.1
Project("{FAE04EC0-301F-11D3-BF4B-00C04F79EFBC}") = "ElasticSearch.API", "ElasticSearch.API\ElasticSearch.API.csproj", "{8147080A-F0EC-4681-AF19-8FE8A8625832}"
EndProject
Global
	GlobalSection(SolutionConfigurationPlatforms) = preSolution
		Debug|Any CPU = Debug|Any CPU
		Release|Any CPU = Release|Any CPU
	EndGlobalSection
	GlobalSection(ProjectConfigurationPlatforms) = postSolution
		{8147080A-F0EC-4681-AF19-8FE8A8625832}.Debug|Any CPU.ActiveCfg = Debug|Any CPU
		{8147080A-F0EC-4681-AF19-8FE8A8625832}.Debug|Any CPU.Build.0 = Debug|Any CPU
		{8147080A-F0EC-4681-AF19-8FE8A8625832}.Release|Any CPU.ActiveCfg = Release|Any CPU
		{8147080A-F0EC-4681-AF19-8FE8A8625832}.Release|Any CPU.Build.0 = Release|Any CPU
	EndGlobalSection
	GlobalSection(SolutionProperties) = preSolution
		HideSolutionNode = FALSE
	EndGlobalSection
	GlobalSection(ExtensibilityGlobals) = postSolution
		SolutionGuid = {44F2209B-E756-4835-A544-466F11913078}
	EndGlobalSection
EndGlobal
